// !$*UTF8*$!
{
	archiveVersion = 1;
	classes = {
	};
	objectVersion = 77;
	objects = {

/* Begin PBXBuildFile section */
		70666ABA2EBAAE9C008D51C8 /* GoogleGenerativeAI in Frameworks */ = {isa = PBXBuildFile; productRef = 70666AB92EBAAE9C008D51C8 /* GoogleGenerativeAI */; };
		70666AC32EBAAFB0008D51C8 /* Mantis in Frameworks */ = {isa = PBXBuildFile; productRef = 70666AC22EBAAFB0008D51C8 /* Mantis */; };
/* End PBXBuildFile section */

/* Begin PBXContainerItemProxy section */
		70666A6B2EBAA9A5008D51C8 /* PBXContainerItemProxy */ = {
			isa = PBXContainerItemProxy;
			containerPortal = 70666A532EBAA9A4008D51C8 /* Project object */;
			proxyType = 1;
			remoteGlobalIDString = 70666A5A2EBAA9A4008D51C8;
			remoteInfo = Retouch;
		};
		70666A752EBAA9A5008D51C8 /* PBXContainerItemProxy */ = {
			isa = PBXContainerItemProxy;
			containerPortal = 70666A532EBAA9A4008D51C8 /* Project object */;
			proxyType = 1;
			remoteGlobalIDString = 70666A5A2EBAA9A4008D51C8;
			remoteInfo = Retouch;
		};
/* End PBXContainerItemProxy section */

/* Begin PBXFileReference section */
		70666A5B2EBAA9A4008D51C8 /* Retouch.app */ = {isa = PBXFileReference; explicitFileType = wrapper.application; includeInIndex = 0; path = Retouch.app; sourceTree = BUILT_PRODUCTS_DIR; };
		70666A6A2EBAA9A5008D51C8 /* RetouchTests.xctest */ = {isa = PBXFileReference; explicitFileType = wrapper.cfbundle; includeInIndex = 0; path = RetouchTests.xctest; sourceTree = BUILT_PRODUCTS_DIR; };
		70666A742EBAA9A5008D51C8 /* RetouchUITests.xctest */ = {isa = PBXFileReference; explicitFileType = wrapper.cfbundle; includeInIndex = 0; path = RetouchUITests.xctest; sourceTree = BUILT_PRODUCTS_DIR; };
/* End PBXFileReference section */

/* Begin PBXFileSystemSynchronizedRootGroup section */
		70666A5D2EBAA9A4008D51C8 /* Retouch */ = {
			isa = PBXFileSystemSynchronizedRootGroup;
			path = Retouch;
			sourceTree = "<group>";
		};
		70666A6D2EBAA9A5008D51C8 /* RetouchTests */ = {
			isa = PBXFileSystemSynchronizedRootGroup;
			path = RetouchTests;
			sourceTree = "<group>";
		};
		70666A772EBAA9A5008D51C8 /* RetouchUITests */ = {
			isa = PBXFileSystemSynchronizedRootGroup;
			path = RetouchUITests;
			sourceTree = "<group>";
		};
/* End PBXFileSystemSynchronizedRootGroup section */

/* Begin PBXFrameworksBuildPhase section */
		70666A582EBAA9A4008D51C8 /* Frameworks */ = {
			isa = PBXFrameworksBuildPhase;
			buildActionMask = 2147483647;
			files = (
				70666AC32EBAAFB0008D51C8 /* Mantis in Frameworks */,
				70666ABA2EBAAE9C008D51C8 /* GoogleGenerativeAI in Frameworks */,
			);
			runOnlyForDeploymentPostprocessing = 0;
		};
		70666A672EBAA9A5008D51C8 /* Frameworks */ = {
			isa = PBXFrameworksBuildPhase;
			buildActionMask = 2147483647;
			files = (
			);
			runOnlyForDeploymentPostprocessing = 0;
		};
		70666A712EBAA9A5008D51C8 /* Frameworks */ = {
			isa = PBXFrameworksBuildPhase;
			buildActionMask = 2147483647;
			files = (
			);
			runOnlyForDeploymentPostprocessing = 0;
		};
/* End PBXFrameworksBuildPhase section */

/* Begin PBXGroup section */
		70666A522EBAA9A4008D51C8 = {
			isa = PBXGroup;
			children = (
				70666A5D2EBAA9A4008D51C8 /* Retouch */,
				70666A6D2EBAA9A5008D51C8 /* RetouchTests */,
				70666A772EBAA9A5008D51C8 /* RetouchUITests */,
				70666A5C2EBAA9A4008D51C8 /* Products */,
			);
			sourceTree = "<group>";
		};
		70666A5C2EBAA9A4008D51C8 /* Products */ = {
			isa = PBXGroup;
			children = (
				70666A5B2EBAA9A4008D51C8 /* Retouch.app */,
				70666A6A2EBAA9A5008D51C8 /* RetouchTests.xctest */,
				70666A742EBAA9A5008D51C8 /* RetouchUITests.xctest */,
			);
			name = Products;
			sourceTree = "<group>";
		};
/* End PBXGroup section */

/* Begin PBXNativeTarget section */
		70666A5A2EBAA9A4008D51C8 /* Retouch */ = {
			isa = PBXNativeTarget;
			buildConfigurationList = 70666A7E2EBAA9A5008D51C8 /* Build configuration list for PBXNativeTarget "Retouch" */;
			buildPhases = (
				70666A572EBAA9A4008D51C8 /* Sources */,
				70666A582EBAA9A4008D51C8 /* Frameworks */,
				70666A592EBAA9A4008D51C8 /* Resources */,
			);
			buildRules = (
			);
			dependencies = (
			);
			fileSystemSynchronizedGroups = (
				70666A5D2EBAA9A4008D51C8 /* Retouch */,
			);
			name = Retouch;
			packageProductDependencies = (
				70666AB92EBAAE9C008D51C8 /* GoogleGenerativeAI */,
				70666AC22EBAAFB0008D51C8 /* Mantis */,
			);
			productName = Retouch;
			productReference = 70666A5B2EBAA9A4008D51C8 /* Retouch.app */;
			productType = "com.apple.product-type.application";
		};
		70666A692EBAA9A5008D51C8 /* RetouchTests */ = {
			isa = PBXNativeTarget;
			buildConfigurationList = 70666A812EBAA9A5008D51C8 /* Build configuration list for PBXNativeTarget "RetouchTests" */;
			buildPhases = (
				70666A662EBAA9A5008D51C8 /* Sources */,
				70666A672EBAA9A5008D51C8 /* Frameworks */,
				70666A682EBAA9A5008D51C8 /* Resources */,
			);
			buildRules = (
			);
			dependencies = (
				70666A6C2EBAA9A5008D51C8 /* PBXTargetDependency */,
			);
			fileSystemSynchronizedGroups = (
				70666A6D2EBAA9A5008D51C8 /* RetouchTests */,
			);
			name = RetouchTests;
			packageProductDependencies = (
			);
			productName = RetouchTests;
			productReference = 70666A6A2EBAA9A5008D51C8 /* RetouchTests.xctest */;
			productType = "com.apple.product-type.bundle.unit-test";
		};
		70666A732EBAA9A5008D51C8 /* RetouchUITests */ = {
			isa = PBXNativeTarget;
			buildConfigurationList = 70666A842EBAA9A5008D51C8 /* Build configuration list for PBXNativeTarget "RetouchUITests" */;
			buildPhases = (
				70666A702EBAA9A5008D51C8 /* Sources */,
				70666A712EBAA9A5008D51C8 /* Frameworks */,
				70666A722EBAA9A5008D51C8 /* Resources */,
			);
			buildRules = (
			);
			dependencies = (
				70666A762EBAA9A5008D51C8 /* PBXTargetDependency */,
			);
			fileSystemSynchronizedGroups = (
				70666A772EBAA9A5008D51C8 /* RetouchUITests */,
			);
			name = RetouchUITests;
			packageProductDependencies = (
			);
			productName = RetouchUITests;
			productReference = 70666A742EBAA9A5008D51C8 /* RetouchUITests.xctest */;
			productType = "com.apple.product-type.bundle.ui-testing";
		};
/* End PBXNativeTarget section */

/* Begin PBXProject section */
		70666A532EBAA9A4008D51C8 /* Project object */ = {
			isa = PBXProject;
			attributes = {
				BuildIndependentTargetsInParallel = 1;
				LastSwiftUpdateCheck = 2600;
				LastUpgradeCheck = 2600;
				TargetAttributes = {
					70666A5A2EBAA9A4008D51C8 = {
						CreatedOnToolsVersion = 26.0;
					};
					70666A692EBAA9A5008D51C8 = {
						CreatedOnToolsVersion = 26.0;
						TestTargetID = 70666A5A2EBAA9A4008D51C8;
					};
					70666A732EBAA9A5008D51C8 = {
						CreatedOnToolsVersion = 26.0;
						TestTargetID = 70666A5A2EBAA9A4008D51C8;
					};
				};
			};
			buildConfigurationList = 70666A562EBAA9A4008D51C8 /* Build configuration list for PBXProject "Retouch" */;
			developmentRegion = en;
			hasScannedForEncodings = 0;
			knownRegions = (
				en,
				Base,
			);
			mainGroup = 70666A522EBAA9A4008D51C8;
			minimizedProjectReferenceProxies = 1;
			packageReferences = (
				70666AB82EBAAE9C008D51C8 /* XCRemoteSwiftPackageReference "generative-ai-swift" */,
				70666AC12EBAAFB0008D51C8 /* XCRemoteSwiftPackageReference "Mantis" */,
			);
			preferredProjectObjectVersion = 77;
			productRefGroup = 70666A5C2EBAA9A4008D51C8 /* Products */;
			projectDirPath = "";
			projectRoot = "";
			targets = (
				70666A5A2EBAA9A4008D51C8 /* Retouch */,
				70666A692EBAA9A5008D51C8 /* RetouchTests */,
				70666A732EBAA9A5008D51C8 /* RetouchUITests */,
			);
		};
/* End PBXProject section */

/* Begin PBXResourcesBuildPhase section */
		70666A592EBAA9A4008D51C8 /* Resources */ = {
			isa = PBXResourcesBuildPhase;
			buildActionMask = 2147483647;
			files = (
			);
			runOnlyForDeploymentPostprocessing = 0;
		};
		70666A682EBAA9A5008D51C8 /* Resources */ = {
			isa = PBXResourcesBuildPhase;
			buildActionMask = 2147483647;
			files = (
			);
			runOnlyForDeploymentPostprocessing = 0;
		};
		70666A722EBAA9A5008D51C8 /* Resources */ = {
			isa = PBXResourcesBuildPhase;
			buildActionMask = 2147483647;
			files = (
			);
			runOnlyForDeploymentPostprocessing = 0;
		};
/* End PBXResourcesBuildPhase section */

/* Begin PBXSourcesBuildPhase section */
		70666A572EBAA9A4008D51C8 /* Sources */ = {
			isa = PBXSourcesBuildPhase;
			buildActionMask = 2147483647;
			files = (
			);
			runOnlyForDeploymentPostprocessing = 0;
		};
		70666A662EBAA9A5008D51C8 /* Sources */ = {
			isa = PBXSourcesBuildPhase;
			buildActionMask = 2147483647;
			files = (
			);
			runOnlyForDeploymentPostprocessing = 0;
		};
		70666A702EBAA9A5008D51C8 /* Sources */ = {
			isa = PBXSourcesBuildPhase;
			buildActionMask = 2147483647;
			files = (
			);
			runOnlyForDeploymentPostprocessing = 0;
		};
/* End PBXSourcesBuildPhase section */

/* Begin PBXTargetDependency section */
		70666A6C2EBAA9A5008D51C8 /* PBXTargetDependency */ = {
			isa = PBXTargetDependency;
			target = 70666A5A2EBAA9A4008D51C8 /* Retouch */;
			targetProxy = 70666A6B2EBAA9A5008D51C8 /* PBXContainerItemProxy */;
		};
		70666A762EBAA9A5008D51C8 /* PBXTargetDependency */ = {
			isa = PBXTargetDependency;
			target = 70666A5A2EBAA9A4008D51C8 /* Retouch */;
			targetProxy = 70666A752EBAA9A5008D51C8 /* PBXContainerItemProxy */;
		};
/* End PBXTargetDependency section */

/* Begin XCBuildConfiguration section */
		70666A7C2EBAA9A5008D51C8 /* Debug */ = {
			isa = XCBuildConfiguration;
			buildSettings = {
				ALWAYS_SEARCH_USER_PATHS = NO;
				ASSETCATALOG_COMPILER_GENERATE_SWIFT_ASSET_SYMBOL_EXTENSIONS = YES;
				CLANG_ANALYZER_NONNULL = YES;
				CLANG_ANALYZER_NUMBER_OBJECT_CONVERSION = YES_AGGRESSIVE;
				CLANG_CXX_LANGUAGE_STANDARD = "gnu++20";
				CLANG_ENABLE_MODULES = YES;
				CLANG_ENABLE_OBJC_ARC = YES;
				CLANG_ENABLE_OBJC_WEAK = YES;
				CLANG_WARN_BLOCK_CAPTURE_AUTORELEASING = YES;
				CLANG_WARN_BOOL_CONVERSION = YES;
				CLANG_WARN_COMMA = YES;
				CLANG_WARN_CONSTANT_CONVERSION = YES;
				CLANG_WARN_DEPRECATED_OBJC_IMPLEMENTATIONS = YES;
				CLANG_WARN_DIRECT_OBJC_ISA_USAGE = YES_ERROR;
				CLANG_WARN_DOCUMENTATION_COMMENTS = YES;
				CLANG_WARN_EMPTY_BODY = YES;
				CLANG_WARN_ENUM_CONVERSION = YES;
				CLANG_WARN_INFINITE_RECURSION = YES;
				CLANG_WARN_INT_CONVERSION = YES;
				CLANG_WARN_NON_LITERAL_NULL_CONVERSION = YES;
				CLANG_WARN_OBJC_IMPLICIT_RETAIN_SELF = YES;
				CLANG_WARN_OBJC_LITERAL_CONVERSION = YES;
				CLANG_WARN_OBJC_ROOT_CLASS = YES_ERROR;
				CLANG_WARN_QUOTED_INCLUDE_IN_FRAMEWORK_HEADER = YES;
				CLANG_WARN_RANGE_LOOP_ANALYSIS = YES;
				CLANG_WARN_STRICT_PROTOTYPES = YES;
				CLANG_WARN_SUSPICIOUS_MOVE = YES;
				CLANG_WARN_UNGUARDED_AVAILABILITY = YES_AGGRESSIVE;
				CLANG_WARN_UNREACHABLE_CODE = YES;
				CLANG_WARN__DUPLICATE_METHOD_MATCH = YES;
				COPY_PHASE_STRIP = NO;
				DEBUG_INFORMATION_FORMAT = dwarf;
				DEVELOPMENT_TEAM = N74D443G5Y;
				ENABLE_STRICT_OBJC_MSGSEND = YES;
				ENABLE_TESTABILITY = YES;
				ENABLE_USER_SCRIPT_SANDBOXING = YES;
				GCC_C_LANGUAGE_STANDARD = gnu17;
				GCC_DYNAMIC_NO_PIC = NO;
				GCC_NO_COMMON_BLOCKS = YES;
				GCC_OPTIMIZATION_LEVEL = 0;
				GCC_PREPROCESSOR_DEFINITIONS = (
					"DEBUG=1",
					"$(inherited)",
				);
				GCC_WARN_64_TO_32_BIT_CONVERSION = YES;
				GCC_WARN_ABOUT_RETURN_TYPE = YES_ERROR;
				GCC_WARN_UNDECLARED_SELECTOR = YES;
				GCC_WARN_UNINITIALIZED_AUTOS = YES_AGGRESSIVE;
				GCC_WARN_UNUSED_FUNCTION = YES;
				GCC_WARN_UNUSED_VARIABLE = YES;
				IPHONEOS_DEPLOYMENT_TARGET = 26.0;
				LOCALIZATION_PREFERS_STRING_CATALOGS = YES;
				MTL_ENABLE_DEBUG_INFO = INCLUDE_SOURCE;
				MTL_FAST_MATH = YES;
				ONLY_ACTIVE_ARCH = YES;
				SDKROOT = iphoneos;
				SWIFT_ACTIVE_COMPILATION_CONDITIONS = "DEBUG $(inherited)";
				SWIFT_OPTIMIZATION_LEVEL = "-Onone";
			};
			name = Debug;
		};
		70666A7D2EBAA9A5008D51C8 /* Release */ = {
			isa = XCBuildConfiguration;
			buildSettings = {
				ALWAYS_SEARCH_USER_PATHS = NO;
				ASSETCATALOG_COMPILER_GENERATE_SWIFT_ASSET_SYMBOL_EXTENSIONS = YES;
				CLANG_ANALYZER_NONNULL = YES;
				CLANG_ANALYZER_NUMBER_OBJECT_CONVERSION = YES_AGGRESSIVE;
				CLANG_CXX_LANGUAGE_STANDARD = "gnu++20";
				CLANG_ENABLE_MODULES = YES;
				CLANG_ENABLE_OBJC_ARC = YES;
				CLANG_ENABLE_OBJC_WEAK = YES;
				CLANG_WARN_BLOCK_CAPTURE_AUTORELEASING = YES;
				CLANG_WARN_BOOL_CONVERSION = YES;
				CLANG_WARN_COMMA = YES;
				CLANG_WARN_CONSTANT_CONVERSION = YES;
				CLANG_WARN_DEPRECATED_OBJC_IMPLEMENTATIONS = YES;
				CLANG_WARN_DIRECT_OBJC_ISA_USAGE = YES_ERROR;
				CLANG_WARN_DOCUMENTATION_COMMENTS = YES;
				CLANG_WARN_EMPTY_BODY = YES;
				CLANG_WARN_ENUM_CONVERSION = YES;
				CLANG_WARN_INFINITE_RECURSION = YES;
				CLANG_WARN_INT_CONVERSION = YES;
				CLANG_WARN_NON_LITERAL_NULL_CONVERSION = YES;
				CLANG_WARN_OBJC_IMPLICIT_RETAIN_SELF = YES;
				CLANG_WARN_OBJC_LITERAL_CONVERSION = YES;
				CLANG_WARN_OBJC_ROOT_CLASS = YES_ERROR;
				CLANG_WARN_QUOTED_INCLUDE_IN_FRAMEWORK_HEADER = YES;
				CLANG_WARN_RANGE_LOOP_ANALYSIS = YES;
				CLANG_WARN_STRICT_PROTOTYPES = YES;
				CLANG_WARN_SUSPICIOUS_MOVE = YES;
				CLANG_WARN_UNGUARDED_AVAILABILITY = YES_AGGRESSIVE;
				CLANG_WARN_UNREACHABLE_CODE = YES;
				CLANG_WARN__DUPLICATE_METHOD_MATCH = YES;
				COPY_PHASE_STRIP = NO;
				DEBUG_INFORMATION_FORMAT = "dwarf-with-dsym";
				DEVELOPMENT_TEAM = N74D443G5Y;
				ENABLE_NS_ASSERTIONS = NO;
				ENABLE_STRICT_OBJC_MSGSEND = YES;
				ENABLE_USER_SCRIPT_SANDBOXING = YES;
				GCC_C_LANGUAGE_STANDARD = gnu17;
				GCC_NO_COMMON_BLOCKS = YES;
				GCC_WARN_64_TO_32_BIT_CONVERSION = YES;
				GCC_WARN_ABOUT_RETURN_TYPE = YES_ERROR;
				GCC_WARN_UNDECLARED_SELECTOR = YES;
				GCC_WARN_UNINITIALIZED_AUTOS = YES_AGGRESSIVE;
				GCC_WARN_UNUSED_FUNCTION = YES;
				GCC_WARN_UNUSED_VARIABLE = YES;
				IPHONEOS_DEPLOYMENT_TARGET = 26.0;
				LOCALIZATION_PREFERS_STRING_CATALOGS = YES;
				MTL_ENABLE_DEBUG_INFO = NO;
				MTL_FAST_MATH = YES;
				SDKROOT = iphoneos;
				SWIFT_COMPILATION_MODE = wholemodule;
				VALIDATE_PRODUCT = YES;
			};
			name = Release;
		};
		70666A7F2EBAA9A5008D51C8 /* Debug */ = {
			isa = XCBuildConfiguration;
			buildSettings = {
				ASSETCATALOG_COMPILER_APPICON_NAME = AppIcon;
				ASSETCATALOG_COMPILER_GLOBAL_ACCENT_COLOR_NAME = AccentColor;
				CODE_SIGN_STYLE = Automatic;
				CURRENT_PROJECT_VERSION = 1;
				DEVELOPMENT_TEAM = N74D443G5Y;
				ENABLE_PREVIEWS = YES;
				GENERATE_INFOPLIST_FILE = YES;
				INFOPLIST_KEY_NSPhotoLibraryAddUsageDescription = "Retouch needs access to your photos to edit them.";
				INFOPLIST_KEY_NSPhotoLibraryUsageDescription = "Retouch needs access to your photos so you can edit them";
				INFOPLIST_KEY_UIApplicationSceneManifest_Generation = YES;
				INFOPLIST_KEY_UIApplicationSupportsIndirectInputEvents = YES;
				INFOPLIST_KEY_UILaunchScreen_Generation = YES;
				INFOPLIST_KEY_UISupportedInterfaceOrientations_iPad = "UIInterfaceOrientationPortrait UIInterfaceOrientationPortraitUpsideDown UIInterfaceOrientationLandscapeLeft UIInterfaceOrientationLandscapeRight";
				INFOPLIST_KEY_UISupportedInterfaceOrientations_iPhone = "UIInterfaceOrientationPortrait UIInterfaceOrientationLandscapeLeft UIInterfaceOrientationLandscapeRight";
				LD_RUNPATH_SEARCH_PATHS = (
					"$(inherited)",
					"@executable_path/Frameworks",
				);
				MARKETING_VERSION = 1.0;
				PRODUCT_BUNDLE_IDENTIFIER = com.webbird.retouch.Retouch;
				PRODUCT_NAME = "$(TARGET_NAME)";
				STRING_CATALOG_GENERATE_SYMBOLS = YES;
				SWIFT_APPROACHABLE_CONCURRENCY = YES;
				SWIFT_DEFAULT_ACTOR_ISOLATION = MainActor;
				SWIFT_EMIT_LOC_STRINGS = YES;
				SWIFT_UPCOMING_FEATURE_MEMBER_IMPORT_VISIBILITY = YES;
				SWIFT_VERSION = 5.0;
				TARGETED_DEVICE_FAMILY = "1,2";
			};
			name = Debug;
		};
		70666A802EBAA9A5008D51C8 /* Release */ = {
			isa = XCBuildConfiguration;
			buildSettings = {
				ASSETCATALOG_COMPILER_APPICON_NAME = AppIcon;
				ASSETCATALOG_COMPILER_GLOBAL_ACCENT_COLOR_NAME = AccentColor;
				CODE_SIGN_STYLE = Automatic;
				CURRENT_PROJECT_VERSION = 1;
				DEVELOPMENT_TEAM = N74D443G5Y;
				ENABLE_PREVIEWS = YES;
				GENERATE_INFOPLIST_FILE = YES;
				INFOPLIST_KEY_NSPhotoLibraryAddUsageDescription = "Retouch needs access to your photos to edit them.";
				INFOPLIST_KEY_NSPhotoLibraryUsageDescription = "Retouch needs access to your photos so you can edit them";
				INFOPLIST_KEY_UIApplicationSceneManifest_Generation = YES;
				INFOPLIST_KEY_UIApplicationSupportsIndirectInputEvents = YES;
				INFOPLIST_KEY_UILaunchScreen_Generation = YES;
				INFOPLIST_KEY_UISupportedInterfaceOrientations_iPad = "UIInterfaceOrientationPortrait UIInterfaceOrientationPortraitUpsideDown UIInterfaceOrientationLandscapeLeft UIInterfaceOrientationLandscapeRight";
				INFOPLIST_KEY_UISupportedInterfaceOrientations_iPhone = "UIInterfaceOrientationPortrait UIInterfaceOrientationLandscapeLeft UIInterfaceOrientationLandscapeRight";
				LD_RUNPATH_SEARCH_PATHS = (
					"$(inherited)",
					"@executable_path/Frameworks",
				);
				MARKETING_VERSION = 1.0;
				PRODUCT_BUNDLE_IDENTIFIER = com.webbird.retouch.Retouch;
				PRODUCT_NAME = "$(TARGET_NAME)";
				STRING_CATALOG_GENERATE_SYMBOLS = YES;
				SWIFT_APPROACHABLE_CONCURRENCY = YES;
				SWIFT_DEFAULT_ACTOR_ISOLATION = MainActor;
				SWIFT_EMIT_LOC_STRINGS = YES;
				SWIFT_UPCOMING_FEATURE_MEMBER_IMPORT_VISIBILITY = YES;
				SWIFT_VERSION = 5.0;
				TARGETED_DEVICE_FAMILY = "1,2";
			};
			name = Release;
		};
		70666A822EBAA9A5008D51C8 /* Debug */ = {
			isa = XCBuildConfiguration;
			buildSettings = {
				BUNDLE_LOADER = "$(TEST_HOST)";
				CODE_SIGN_STYLE = Automatic;
				CURRENT_PROJECT_VERSION = 1;
				DEVELOPMENT_TEAM = N74D443G5Y;
				GENERATE_INFOPLIST_FILE = YES;
				IPHONEOS_DEPLOYMENT_TARGET = 26.0;
				MARKETING_VERSION = 1.0;
				PRODUCT_BUNDLE_IDENTIFIER = com.webbird.retouch.RetouchTests;
				PRODUCT_NAME = "$(TARGET_NAME)";
				STRING_CATALOG_GENERATE_SYMBOLS = NO;
				SWIFT_APPROACHABLE_CONCURRENCY = YES;
				SWIFT_EMIT_LOC_STRINGS = NO;
				SWIFT_UPCOMING_FEATURE_MEMBER_IMPORT_VISIBILITY = YES;
				SWIFT_VERSION = 5.0;
				TARGETED_DEVICE_FAMILY = "1,2";
				TEST_HOST = "$(BUILT_PRODUCTS_DIR)/Retouch.app/$(BUNDLE_EXECUTABLE_FOLDER_PATH)/Retouch";
			};
			name = Debug;
		};
		70666A832EBAA9A5008D51C8 /* Release */ = {
			isa = XCBuildConfiguration;
			buildSettings = {
				BUNDLE_LOADER = "$(TEST_HOST)";
				CODE_SIGN_STYLE = Automatic;
				CURRENT_PROJECT_VERSION = 1;
				DEVELOPMENT_TEAM = N74D443G5Y;
				GENERATE_INFOPLIST_FILE = YES;
				IPHONEOS_DEPLOYMENT_TARGET = 26.0;
				MARKETING_VERSION = 1.0;
				PRODUCT_BUNDLE_IDENTIFIER = com.webbird.retouch.RetouchTests;
				PRODUCT_NAME = "$(TARGET_NAME)";
				STRING_CATALOG_GENERATE_SYMBOLS = NO;
				SWIFT_APPROACHABLE_CONCURRENCY = YES;
				SWIFT_EMIT_LOC_STRINGS = NO;
				SWIFT_UPCOMING_FEATURE_MEMBER_IMPORT_VISIBILITY = YES;
				SWIFT_VERSION = 5.0;
				TARGETED_DEVICE_FAMILY = "1,2";
				TEST_HOST = "$(BUILT_PRODUCTS_DIR)/Retouch.app/$(BUNDLE_EXECUTABLE_FOLDER_PATH)/Retouch";
			};
			name = Release;
		};
		70666A852EBAA9A5008D51C8 /* Debug */ = {
			isa = XCBuildConfiguration;
			buildSettings = {
				CODE_SIGN_STYLE = Automatic;
				CURRENT_PROJECT_VERSION = 1;
				DEVELOPMENT_TEAM = N74D443G5Y;
				GENERATE_INFOPLIST_FILE = YES;
				MARKETING_VERSION = 1.0;
				PRODUCT_BUNDLE_IDENTIFIER = com.webbird.retouch.RetouchUITests;
				PRODUCT_NAME = "$(TARGET_NAME)";
				STRING_CATALOG_GENERATE_SYMBOLS = NO;
				SWIFT_APPROACHABLE_CONCURRENCY = YES;
				SWIFT_EMIT_LOC_STRINGS = NO;
				SWIFT_UPCOMING_FEATURE_MEMBER_IMPORT_VISIBILITY = YES;
				SWIFT_VERSION = 5.0;
				TARGETED_DEVICE_FAMILY = "1,2";
				TEST_TARGET_NAME = Retouch;
			};
			name = Debug;
		};
		70666A862EBAA9A5008D51C8 /* Release */ = {
			isa = XCBuildConfiguration;
			buildSettings = {
				CODE_SIGN_STYLE = Automatic;
				CURRENT_PROJECT_VERSION = 1;
				DEVELOPMENT_TEAM = N74D443G5Y;
				GENERATE_INFOPLIST_FILE = YES;
				MARKETING_VERSION = 1.0;
				PRODUCT_BUNDLE_IDENTIFIER = com.webbird.retouch.RetouchUITests;
				PRODUCT_NAME = "$(TARGET_NAME)";
				STRING_CATALOG_GENERATE_SYMBOLS = NO;
				SWIFT_APPROACHABLE_CONCURRENCY = YES;
				SWIFT_EMIT_LOC_STRINGS = NO;
				SWIFT_UPCOMING_FEATURE_MEMBER_IMPORT_VISIBILITY = YES;
				SWIFT_VERSION = 5.0;
				TARGETED_DEVICE_FAMILY = "1,2";
				TEST_TARGET_NAME = Retouch;
			};
			name = Release;
		};
/* End XCBuildConfiguration section */

/* Begin XCConfigurationList section */
		70666A562EBAA9A4008D51C8 /* Build configuration list for PBXProject "Retouch" */ = {
			isa = XCConfigurationList;
			buildConfigurations = (
				70666A7C2EBAA9A5008D51C8 /* Debug */,
				70666A7D2EBAA9A5008D51C8 /* Release */,
			);
			defaultConfigurationIsVisible = 0;
			defaultConfigurationName = Release;
		};
		70666A7E2EBAA9A5008D51C8 /* Build configuration list for PBXNativeTarget "Retouch" */ = {
			isa = XCConfigurationList;
			buildConfigurations = (
				70666A7F2EBAA9A5008D51C8 /* Debug */,
				70666A802EBAA9A5008D51C8 /* Release */,
			);
			defaultConfigurationIsVisible = 0;
			defaultConfigurationName = Release;
		};
		70666A812EBAA9A5008D51C8 /* Build configuration list for PBXNativeTarget "RetouchTests" */ = {
			isa = XCConfigurationList;
			buildConfigurations = (
				70666A822EBAA9A5008D51C8 /* Debug */,
				70666A832EBAA9A5008D51C8 /* Release */,
			);
			defaultConfigurationIsVisible = 0;
			defaultConfigurationName = Release;
		};
		70666A842EBAA9A5008D51C8 /* Build configuration list for PBXNativeTarget "RetouchUITests" */ = {
			isa = XCConfigurationList;
			buildConfigurations = (
				70666A852EBAA9A5008D51C8 /* Debug */,
				70666A862EBAA9A5008D51C8 /* Release */,
			);
			defaultConfigurationIsVisible = 0;
			defaultConfigurationName = Release;
		};
/* End XCConfigurationList section */

/* Begin XCRemoteSwiftPackageReference section */
		70666AB82EBAAE9C008D51C8 /* XCRemoteSwiftPackageReference "generative-ai-swift" */ = {
			isa = XCRemoteSwiftPackageReference;
			repositoryURL = "https://github.com/google/generative-ai-swift";
			requirement = {
				kind = upToNextMajorVersion;
				minimumVersion = 0.5.6;
			};
		};
		70666AC12EBAAFB0008D51C8 /* XCRemoteSwiftPackageReference "Mantis" */ = {
			isa = XCRemoteSwiftPackageReference;
			repositoryURL = "https://github.com/guoyingtao/Mantis.git";
			requirement = {
				kind = upToNextMajorVersion;
				minimumVersion = 1.7.5;
			};
		};
/* End XCRemoteSwiftPackageReference section */

/* Begin XCSwiftPackageProductDependency section */
		70666AB92EBAAE9C008D51C8 /* GoogleGenerativeAI */ = {
			isa = XCSwiftPackageProductDependency;
			package = 70666AB82EBAAE9C008D51C8 /* XCRemoteSwiftPackageReference "generative-ai-swift" */;
			productName = GoogleGenerativeAI;
		};
		70666AC22EBAAFB0008D51C8 /* Mantis */ = {
			isa = XCSwiftPackageProductDependency;
			package = 70666AC12EBAAFB0008D51C8 /* XCRemoteSwiftPackageReference "Mantis" */;
			productName = Mantis;
		};
/* End XCSwiftPackageProductDependency section */
	};
	rootObject = 70666A532EBAA9A4008D51C8 /* Project object */;
}
